{
    "_readme": [
        "This file locks the dependencies of your project to a known state",
        "Read more about it at https://getcomposer.org/doc/01-basic-usage.md#composer-lock-the-lock-file",
        "This file is @generated automatically"
    ],
    "content-hash": "52d57e5afcace735447e99e5e05451b5",
    "packages": [
        {
            "name": "delight-im/auth",
            "version": "v7.2.0",
            "source": {
                "type": "git",
                "url": "https://github.com/delight-im/PHP-Auth.git",
                "reference": "7bcf201972e4635168e73dbfb2c7c5e1756834f4"
            },
            "dist": {
                "type": "zip",
                "url": "https://api.github.com/repos/delight-im/PHP-Auth/zipball/7bcf201972e4635168e73dbfb2c7c5e1756834f4",
                "reference": "7bcf201972e4635168e73dbfb2c7c5e1756834f4",
                "shasum": ""
            },
            "require": {
                "delight-im/base64": "^1.0",
                "delight-im/cookie": "^3.1",
                "delight-im/db": "^1.2",
                "ext-openssl": "*",
                "php": ">=5.6.0"
            },
            "type": "library",
            "autoload": {
                "psr-4": {
                    "Delight\\Auth\\": "src/"
                }
            },
            "notification-url": "https://packagist.org/downloads/",
            "license": [
                "MIT"
            ],
            "description": "Authentication for PHP. Simple, lightweight and secure.",
            "homepage": "https://github.com/delight-im/PHP-Auth",
            "keywords": [
                "Authentication",
                "auth",
                "login",
                "security"
            ],
            "time": "2017-11-08T20:34:50+00:00"
        },
        {
            "name": "delight-im/base64",
            "version": "v1.0.0",
            "source": {
                "type": "git",
                "url": "https://github.com/delight-im/PHP-Base64.git",
                "reference": "687b2a49f663e162030a8d27b32838bbe7f91c78"
            },
            "dist": {
                "type": "zip",
                "url": "https://api.github.com/repos/delight-im/PHP-Base64/zipball/687b2a49f663e162030a8d27b32838bbe7f91c78",
                "reference": "687b2a49f663e162030a8d27b32838bbe7f91c78",
                "shasum": ""
            },
            "require": {
                "php": ">=5.3.0"
            },
            "type": "library",
            "autoload": {
                "psr-4": {
                    "Delight\\Base64\\": "src/"
                }
            },
            "notification-url": "https://packagist.org/downloads/",
            "license": [
                "MIT"
            ],
            "description": "Simple and convenient Base64 encoding and decoding for PHP",
            "homepage": "https://github.com/delight-im/PHP-Base64",
            "keywords": [
                "URL-safe",
                "base-64",
                "base64",
                "decode",
                "decoding",
                "encode",
                "encoding",
                "url"
            ],
            "time": "2017-07-24T18:59:51+00:00"
        },
        {
            "name": "delight-im/cookie",
            "version": "v3.1.0",
            "source": {
                "type": "git",
                "url": "https://github.com/delight-im/PHP-Cookie.git",
                "reference": "76ef2a21817cf7a034f85fc3f4d4bfc60f873947"
            },
            "dist": {
                "type": "zip",
                "url": "https://api.github.com/repos/delight-im/PHP-Cookie/zipball/76ef2a21817cf7a034f85fc3f4d4bfc60f873947",
                "reference": "76ef2a21817cf7a034f85fc3f4d4bfc60f873947",
                "shasum": ""
            },
            "require": {
                "delight-im/http": "^2.0",
                "php": ">=5.4.0"
            },
            "type": "library",
            "autoload": {
                "psr-4": {
                    "Delight\\Cookie\\": "src/"
                }
            },
            "notification-url": "https://packagist.org/downloads/",
            "license": [
                "MIT"
            ],
            "description": "Modern cookie management for PHP",
            "homepage": "https://github.com/delight-im/PHP-Cookie",
            "keywords": [
                "cookie",
                "cookies",
                "csrf",
                "http",
                "same-site",
                "samesite",
                "xss"
            ],
            "time": "2017-10-18T19:48:59+00:00"
        },
        {
            "name": "delight-im/db",
            "version": "v1.2.0",
            "source": {
                "type": "git",
                "url": "https://github.com/delight-im/PHP-DB.git",
                "reference": "df99ef7c2e86c7ce206647ffe8ba74447c075b57"
            },
            "dist": {
                "type": "zip",
                "url": "https://api.github.com/repos/delight-im/PHP-DB/zipball/df99ef7c2e86c7ce206647ffe8ba74447c075b57",
                "reference": "df99ef7c2e86c7ce206647ffe8ba74447c075b57",
                "shasum": ""
            },
            "require": {
                "ext-pdo": "*",
                "php": ">=5.6.0"
            },
            "type": "library",
            "autoload": {
                "psr-4": {
                    "Delight\\Db\\": "src/"
                }
            },
            "notification-url": "https://packagist.org/downloads/",
            "license": [
                "MIT"
            ],
            "description": "Safe and convenient SQL database access in a driver-agnostic way",
            "homepage": "https://github.com/delight-im/PHP-DB",
            "keywords": [
                "database",
                "mysql",
                "pdo",
                "pgsql",
                "postgresql",
                "sql",
                "sqlite"
            ],
            "time": "2017-03-18T20:51:59+00:00"
        },
        {
            "name": "delight-im/file-upload",
            "version": "v1.1.0",
            "source": {
                "type": "git",
                "url": "https://github.com/delight-im/PHP-FileUpload.git",
                "reference": "023f812226673ac9e0696d8a3579bb7380606dda"
            },
            "dist": {
                "type": "zip",
                "url": "https://api.github.com/repos/delight-im/PHP-FileUpload/zipball/023f812226673ac9e0696d8a3579bb7380606dda",
                "reference": "023f812226673ac9e0696d8a3579bb7380606dda",
                "shasum": ""
            },
            "require": {
                "php": ">=5.6.0"
            },
            "type": "library",
            "autoload": {
                "psr-4": {
                    "Delight\\FileUpload\\": "src/"
                }
            },
            "notification-url": "https://packagist.org/downloads/",
            "license": [
                "MIT"
            ],
            "description": "Simple and convenient file uploads — secure by default",
            "homepage": "https://github.com/delight-im/PHP-FileUpload",
            "keywords": [
                "file",
                "files",
                "form",
                "input",
                "upload",
                "validation"
            ],
            "time": "2017-12-04T16:58:44+00:00"
        },
        {
            "name": "delight-im/foundation-core",
            "version": "v3.0.0",
            "source": {
                "type": "git",
                "url": "https://github.com/delight-im/PHP-Foundation-Core.git",
                "reference": "2c1604185ff6254802e699e90e833f320e270cc0"
            },
            "dist": {
                "type": "zip",
                "url": "https://api.github.com/repos/delight-im/PHP-Foundation-Core/zipball/2c1604185ff6254802e699e90e833f320e270cc0",
                "reference": "2c1604185ff6254802e699e90e833f320e270cc0",
                "shasum": ""
            },
            "require": {
                "delight-im/auth": "^7.1",
                "delight-im/cookie": "^3.1",
                "delight-im/db": "^1.2",
                "delight-im/file-upload": "^1.0",
                "delight-im/ids": "^1.0",
                "delight-im/router": "^3.1",
                "delight-im/str": "^2.4",
                "ext-mbstring": "*",
                "filp/whoops": "^2.1",
                "php": ">=5.6.0",
                "swiftmailer/swiftmailer": "^5.4",
                "twig/twig": "^1.28",
                "vlucas/phpdotenv": "^2.4"
            },
            "type": "library",
            "autoload": {
                "psr-4": {
                    "Delight\\Foundation\\": "src/"
                }
            },
            "notification-url": "https://packagist.org/downloads/",
            "license": [
                "MIT"
            ],
            "description": "Core of 'PHP-Foundation'",
            "homepage": "https://github.com/delight-im/PHP-Foundation-Core",
            "keywords": [
                "bootstrap",
                "framework"
            ],
            "time": "2017-11-07T20:53:47+00:00"
        },
        {
            "name": "delight-im/http",
            "version": "v2.0.0",
            "source": {
                "type": "git",
                "url": "https://github.com/delight-im/PHP-HTTP.git",
                "reference": "0a19a72a7eac8b1301aa972fb20cff494ac43e09"
            },
            "dist": {
                "type": "zip",
                "url": "https://api.github.com/repos/delight-im/PHP-HTTP/zipball/0a19a72a7eac8b1301aa972fb20cff494ac43e09",
                "reference": "0a19a72a7eac8b1301aa972fb20cff494ac43e09",
                "shasum": ""
            },
            "require": {
                "php": ">=5.3.0"
            },
            "type": "library",
            "autoload": {
                "psr-4": {
                    "Delight\\Http\\": "src/"
                }
            },
            "notification-url": "https://packagist.org/downloads/",
            "license": [
                "MIT"
            ],
            "description": "Hypertext Transfer Protocol (HTTP) utilities for PHP",
            "homepage": "https://github.com/delight-im/PHP-HTTP",
            "keywords": [
                "headers",
                "http",
                "https"
            ],
            "time": "2016-07-21T15:05:01+00:00"
        },
        {
            "name": "delight-im/ids",
            "version": "v1.0.1",
            "source": {
                "type": "git",
                "url": "https://github.com/delight-im/PHP-IDs.git",
                "reference": "5f95867c5f555fc829a6b7fe61f74b821f51fb4e"
            },
            "dist": {
                "type": "zip",
                "url": "https://api.github.com/repos/delight-im/PHP-IDs/zipball/5f95867c5f555fc829a6b7fe61f74b821f51fb4e",
                "reference": "5f95867c5f555fc829a6b7fe61f74b821f51fb4e",
                "shasum": ""
            },
            "require": {
                "ext-gmp": "*",
                "jenssegers/optimus": "^0.2.1",
                "php": ">=5.6.0"
            },
            "require-dev": {
                "phpseclib/phpseclib": "^2.0"
            },
            "type": "library",
            "autoload": {
                "psr-4": {
                    "Delight\\Ids\\": "src/"
                }
            },
            "notification-url": "https://packagist.org/downloads/",
            "license": [
                "MIT"
            ],
            "description": "Short, obfuscated and efficient IDs for PHP",
            "homepage": "https://github.com/delight-im/PHP-IDs",
            "keywords": [
                "decode",
                "encode",
                "hash",
                "hashid",
                "hashids",
                "id",
                "ids",
                "obfuscate",
                "obfuscation",
                "shorten"
            ],
            "time": "2016-09-10T15:18:16+00:00"
        },
        {
            "name": "delight-im/privacy-policy",
            "version": "v1.0.0",
            "source": {
                "type": "git",
                "url": "https://github.com/delight-im/PHP-PrivacyPolicy.git",
                "reference": "46c5abe6bb6523bd2da3cba2c6b7c8563465e5f9"
            },
            "dist": {
                "type": "zip",
                "url": "https://api.github.com/repos/delight-im/PHP-PrivacyPolicy/zipball/46c5abe6bb6523bd2da3cba2c6b7c8563465e5f9",
                "reference": "46c5abe6bb6523bd2da3cba2c6b7c8563465e5f9",
                "shasum": ""
            },
            "require": {
                "php": ">=5.6.0"
            },
            "type": "library",
            "autoload": {
                "psr-4": {
                    "Delight\\PrivacyPolicy\\": "src/"
                }
            },
            "notification-url": "https://packagist.org/downloads/",
            "license": [
                "MIT"
            ],
            "description": "Programmatically composable privacy policies for humans and machines",
            "homepage": "https://github.com/delight-im/PHP-PrivacyPolicy",
            "keywords": [
                "Policy",
                "data-protection",
                "legal",
                "privacy",
                "privacy-policy",
                "user-data"
            ],
            "time": "2017-04-27T22:30:24+00:00"
        },
        {
            "name": "delight-im/router",
            "version": "v3.1.0",
            "source": {
                "type": "git",
                "url": "https://github.com/delight-im/PHP-Router.git",
                "reference": "238ac8b540aba83ceebeb4b8e7f9bd11b48652ab"
            },
            "dist": {
                "type": "zip",
                "url": "https://api.github.com/repos/delight-im/PHP-Router/zipball/238ac8b540aba83ceebeb4b8e7f9bd11b48652ab",
                "reference": "238ac8b540aba83ceebeb4b8e7f9bd11b48652ab",
                "shasum": ""
            },
            "require": {
                "php": ">=5.6.0"
            },
            "type": "library",
            "autoload": {
                "psr-4": {
                    "Delight\\Router\\": "src/"
                }
            },
            "notification-url": "https://packagist.org/downloads/",
            "license": [
                "MIT"
            ],
            "description": "Router for PHP. Simple, lightweight and convenient.",
            "homepage": "https://github.com/delight-im/PHP-Router",
            "keywords": [
                "http",
                "route",
                "router",
                "routing"
            ],
            "time": "2016-12-23T22:45:42+00:00"
        },
        {
            "name": "delight-im/str",
            "version": "v2.4.0",
            "source": {
                "type": "git",
                "url": "https://github.com/delight-im/PHP-Str.git",
                "reference": "ea3e40132e9d4ce27da337dae6286f2478b15f56"
            },
            "dist": {
                "type": "zip",
                "url": "https://api.github.com/repos/delight-im/PHP-Str/zipball/ea3e40132e9d4ce27da337dae6286f2478b15f56",
                "reference": "ea3e40132e9d4ce27da337dae6286f2478b15f56",
                "shasum": ""
            },
            "require": {
                "ext-mbstring": "*",
                "php": ">=5.3.0"
            },
            "type": "library",
            "autoload": {
                "psr-4": {
                    "Delight\\Str\\": "src/"
                }
            },
            "notification-url": "https://packagist.org/downloads/",
            "license": [
                "MIT"
            ],
            "description": "Convenient object-oriented operations on strings",
            "homepage": "https://github.com/delight-im/PHP-Str",
            "keywords": [
                "string",
                "strings"
            ],
            "time": "2016-07-27T22:19:41+00:00"
        },
        {
            "name": "filp/whoops",
            "version": "2.1.14",
            "source": {
                "type": "git",
                "url": "https://github.com/filp/whoops.git",
                "reference": "c6081b8838686aa04f1e83ba7e91f78b7b2a23e6"
            },
            "dist": {
                "type": "zip",
                "url": "https://api.github.com/repos/filp/whoops/zipball/c6081b8838686aa04f1e83ba7e91f78b7b2a23e6",
                "reference": "c6081b8838686aa04f1e83ba7e91f78b7b2a23e6",
                "shasum": ""
            },
            "require": {
                "php": "^5.5.9 || ^7.0",
                "psr/log": "^1.0.1"
            },
            "require-dev": {
                "mockery/mockery": "0.9.*",
                "phpunit/phpunit": "^4.8.35 || ^5.7",
                "symfony/var-dumper": "^2.6 || ^3.0"
            },
            "suggest": {
                "symfony/var-dumper": "Pretty print complex values better with var-dumper available",
                "whoops/soap": "Formats errors as SOAP responses"
            },
            "type": "library",
            "extra": {
                "branch-alias": {
                    "dev-master": "2.0-dev"
                }
            },
            "autoload": {
                "psr-4": {
                    "Whoops\\": "src/Whoops/"
                }
            },
            "notification-url": "https://packagist.org/downloads/",
            "license": [
                "MIT"
            ],
            "authors": [
                {
                    "name": "Filipe Dobreira",
                    "homepage": "https://github.com/filp",
                    "role": "Developer"
                }
            ],
            "description": "php error handling for cool kids",
            "homepage": "https://filp.github.io/whoops/",
            "keywords": [
                "error",
                "exception",
                "handling",
                "library",
                "throwable",
                "whoops"
            ],
            "time": "2017-11-23T18:22:44+00:00"
        },
        {
            "name": "jenssegers/optimus",
            "version": "v0.2.3",
            "source": {
                "type": "git",
                "url": "https://github.com/jenssegers/optimus.git",
                "reference": "9bb0fcbaa3b7a6a0eb3e6c07e672ce4de42600af"
            },
            "dist": {
                "type": "zip",
                "url": "https://api.github.com/repos/jenssegers/optimus/zipball/9bb0fcbaa3b7a6a0eb3e6c07e672ce4de42600af",
                "reference": "9bb0fcbaa3b7a6a0eb3e6c07e672ce4de42600af",
                "shasum": ""
            },
            "require": {
                "php": ">=5.4.0"
            },
            "require-dev": {
                "kherge/box": "^2.7",
                "phpseclib/phpseclib": "^2.0",
                "phpunit/phpunit": "^4.0|^5.0",
                "satooshi/php-coveralls": "^1.0",
                "symfony/console": "^2.6|^3.0"
            },
            "suggest": {
                "ext-gmp": "Required for 32bit systems"
            },
            "bin": [
                "optimus"
            ],
            "type": "library",
            "autoload": {
                "psr-4": {
                    "Jenssegers\\Optimus\\": "src"
                }
            },
            "notification-url": "https://packagist.org/downloads/",
            "license": [
                "MIT"
            ],
            "authors": [
                {
                    "name": "Jens Segers",
                    "homepage": "https://jenssegers.com"
                }
            ],
            "description": "Id obfuscation based on Knuth's integer hash method",
            "homepage": "https://github.com/jenssegers/optimus",
            "keywords": [
                "hashids",
                "id obfuscation",
                "ids",
                "obfuscation",
                "optimus"
            ],
            "time": "2017-04-21T10:14:58+00:00"
        },
        {
            "name": "psr/log",
            "version": "1.0.2",
            "source": {
                "type": "git",
                "url": "https://github.com/php-fig/log.git",
                "reference": "4ebe3a8bf773a19edfe0a84b6585ba3d401b724d"
            },
            "dist": {
                "type": "zip",
                "url": "https://api.github.com/repos/php-fig/log/zipball/4ebe3a8bf773a19edfe0a84b6585ba3d401b724d",
                "reference": "4ebe3a8bf773a19edfe0a84b6585ba3d401b724d",
                "shasum": ""
            },
            "require": {
                "php": ">=5.3.0"
            },
            "type": "library",
            "extra": {
                "branch-alias": {
                    "dev-master": "1.0.x-dev"
                }
            },
            "autoload": {
                "psr-4": {
                    "Psr\\Log\\": "Psr/Log/"
                }
            },
            "notification-url": "https://packagist.org/downloads/",
            "license": [
                "MIT"
            ],
            "authors": [
                {
                    "name": "PHP-FIG",
                    "homepage": "http://www.php-fig.org/"
                }
            ],
            "description": "Common interface for logging libraries",
            "homepage": "https://github.com/php-fig/log",
            "keywords": [
                "log",
                "psr",
                "psr-3"
            ],
            "time": "2016-10-10T12:19:37+00:00"
        },
        {
            "name": "swiftmailer/swiftmailer",
            "version": "v5.4.9",
            "source": {
                "type": "git",
                "url": "https://github.com/swiftmailer/swiftmailer.git",
                "reference": "7ffc1ea296ed14bf8260b6ef11b80208dbadba91"
            },
            "dist": {
                "type": "zip",
                "url": "https://api.github.com/repos/swiftmailer/swiftmailer/zipball/7ffc1ea296ed14bf8260b6ef11b80208dbadba91",
                "reference": "7ffc1ea296ed14bf8260b6ef11b80208dbadba91",
                "shasum": ""
            },
            "require": {
                "php": ">=5.3.3"
            },
            "require-dev": {
                "mockery/mockery": "~0.9.1",
                "symfony/phpunit-bridge": "~3.2"
            },
            "type": "library",
            "extra": {
                "branch-alias": {
                    "dev-master": "5.4-dev"
                }
            },
            "autoload": {
                "files": [
                    "lib/swift_required.php"
                ]
            },
            "notification-url": "https://packagist.org/downloads/",
            "license": [
                "MIT"
            ],
            "authors": [
                {
                    "name": "Chris Corbyn"
                },
                {
                    "name": "Fabien Potencier",
                    "email": "fabien@symfony.com"
                }
            ],
            "description": "Swiftmailer, free feature-rich PHP mailer",
            "homepage": "https://swiftmailer.symfony.com",
            "keywords": [
                "email",
                "mail",
                "mailer"
            ],
            "time": "2018-01-23T07:37:21+00:00"
        },
        {
            "name": "twig/twig",
            "version": "v1.35.2",
            "source": {
                "type": "git",
                "url": "https://github.com/twigphp/Twig.git",
                "reference": "9c24f2cd39dc1906b76879e099970b7e53724601"
            },
            "dist": {
                "type": "zip",
                "url": "https://api.github.com/repos/twigphp/Twig/zipball/9c24f2cd39dc1906b76879e099970b7e53724601",
                "reference": "9c24f2cd39dc1906b76879e099970b7e53724601",
                "shasum": ""
            },
            "require": {
                "php": ">=5.3.3"
            },
            "require-dev": {
                "psr/container": "^1.0",
                "symfony/debug": "~2.7",
                "symfony/phpunit-bridge": "~3.3@dev"
            },
            "type": "library",
            "extra": {
                "branch-alias": {
                    "dev-master": "1.35-dev"
                }
            },
            "autoload": {
                "psr-0": {
                    "Twig_": "lib/"
                },
                "psr-4": {
                    "Twig\\": "src/"
                }
            },
            "notification-url": "https://packagist.org/downloads/",
            "license": [
                "BSD-3-Clause"
            ],
            "authors": [
                {
                    "name": "Fabien Potencier",
                    "email": "fabien@symfony.com",
                    "homepage": "http://fabien.potencier.org",
                    "role": "Lead Developer"
                },
                {
                    "name": "Armin Ronacher",
                    "email": "armin.ronacher@active-4.com",
                    "role": "Project Founder"
                },
                {
                    "name": "Twig Team",
                    "homepage": "http://twig.sensiolabs.org/contributors",
                    "role": "Contributors"
                }
            ],
            "description": "Twig, the flexible, fast, and secure template language for PHP",
            "homepage": "http://twig.sensiolabs.org",
            "keywords": [
                "templating"
            ],
            "time": "2018-03-03T16:21:29+00:00"
        },
        {
            "name": "vlucas/phpdotenv",
            "version": "v2.4.0",
            "source": {
                "type": "git",
                "url": "https://github.com/vlucas/phpdotenv.git",
                "reference": "3cc116adbe4b11be5ec557bf1d24dc5e3a21d18c"
            },
            "dist": {
                "type": "zip",
                "url": "https://api.github.com/repos/vlucas/phpdotenv/zipball/3cc116adbe4b11be5ec557bf1d24dc5e3a21d18c",
                "reference": "3cc116adbe4b11be5ec557bf1d24dc5e3a21d18c",
                "shasum": ""
            },
            "require": {
                "php": ">=5.3.9"
            },
            "require-dev": {
                "phpunit/phpunit": "^4.8 || ^5.0"
            },
            "type": "library",
            "extra": {
                "branch-alias": {
                    "dev-master": "2.4-dev"
                }
            },
            "autoload": {
                "psr-4": {
                    "Dotenv\\": "src/"
                }
            },
            "notification-url": "https://packagist.org/downloads/",
            "license": [
                "BSD-3-Clause-Attribution"
            ],
            "authors": [
                {
                    "name": "Vance Lucas",
                    "email": "vance@vancelucas.com",
                    "homepage": "http://www.vancelucas.com"
                }
            ],
            "description": "Loads environment variables from `.env` to `getenv()`, `$_ENV` and `$_SERVER` automagically.",
            "keywords": [
                "dotenv",
                "env",
                "environment"
            ],
            "time": "2016-09-01T10:05:43+00:00"
        }
    ],
    "packages-dev": [],
    "aliases": [],
    "minimum-stability": "stable",
    "stability-flags": [],
    "prefer-stable": false,
    "prefer-lowest": false,
    "platform": {
        "php": ">=5.6.0"
    },
    "platform-dev": []
}
