{
    "_readme": [
        "This file locks the dependencies of your project to a known state",
        "Read more about it at https://getcomposer.org/doc/01-basic-usage.md#composer-lock-the-lock-file",
        "This file is @generated automatically"
    ],
    "hash": "96c029761e477702e82e85810df78a01",
    "content-hash": "b8c47dc3b0f9756f99a7e109a4c07660",
    "packages": [
        {
            "name": "delight-im/auth",
            "version": "v4.0.0",
            "source": {
                "type": "git",
                "url": "https://github.com/delight-im/PHP-Auth.git",
                "reference": "5c6a71d921fd9a99778e6da218715fbcebc0eafa"
            },
            "dist": {
                "type": "zip",
                "url": "https://api.github.com/repos/delight-im/PHP-Auth/zipball/5c6a71d921fd9a99778e6da218715fbcebc0eafa",
                "reference": "5c6a71d921fd9a99778e6da218715fbcebc0eafa",
                "shasum": ""
            },
            "require": {
                "delight-im/cookie": "^2.0",
                "delight-im/db": "^1.0",
                "ext-openssl": "*",
                "php": ">=5.6.0"
            },
            "type": "library",
            "autoload": {
                "psr-4": {
                    "Delight\\Auth\\": "src/"
                }
            },
            "notification-url": "https://packagist.org/downloads/",
            "license": [
                "MIT"
            ],
            "description": "Authentication for PHP. Simple, lightweight and secure.",
            "homepage": "https://github.com/delight-im/PHP-Auth",
            "keywords": [
                "Authentication",
                "auth",
                "login",
                "security"
            ],
            "time": "2016-09-15 21:52:24"
        },
        {
            "name": "delight-im/cookie",
            "version": "v2.0.1",
            "source": {
                "type": "git",
                "url": "https://github.com/delight-im/PHP-Cookie.git",
                "reference": "004cde69ec840e65c15275e09b92ecb1da06f357"
            },
            "dist": {
                "type": "zip",
                "url": "https://api.github.com/repos/delight-im/PHP-Cookie/zipball/004cde69ec840e65c15275e09b92ecb1da06f357",
                "reference": "004cde69ec840e65c15275e09b92ecb1da06f357",
                "shasum": ""
            },
            "require": {
                "delight-im/http": "^2.0",
                "php": ">=5.3.0"
            },
            "type": "library",
            "autoload": {
                "psr-4": {
                    "Delight\\Cookie\\": "src/"
                }
            },
            "notification-url": "https://packagist.org/downloads/",
            "license": [
                "MIT"
            ],
            "description": "Modern cookie management for PHP",
            "homepage": "https://github.com/delight-im/PHP-Cookie",
            "keywords": [
                "cookie",
                "cookies",
                "csrf",
                "http",
                "same-site",
                "samesite",
                "xss"
            ],
            "time": "2016-09-05 19:17:56"
        },
        {
            "name": "delight-im/db",
            "version": "v1.0.1",
            "source": {
                "type": "git",
                "url": "https://github.com/delight-im/PHP-DB.git",
                "reference": "4f7bf0aac174c818896927fe10a47878a502b7e4"
            },
            "dist": {
                "type": "zip",
                "url": "https://api.github.com/repos/delight-im/PHP-DB/zipball/4f7bf0aac174c818896927fe10a47878a502b7e4",
                "reference": "4f7bf0aac174c818896927fe10a47878a502b7e4",
                "shasum": ""
            },
            "require": {
                "ext-pdo": "*",
                "php": ">=5.6.0"
            },
            "type": "library",
            "autoload": {
                "psr-4": {
                    "Delight\\Db\\": "src/"
                }
            },
            "notification-url": "https://packagist.org/downloads/",
            "license": [
                "MIT"
            ],
            "description": "Safe and convenient SQL database access in a driver-agnostic way",
            "homepage": "https://github.com/delight-im/PHP-DB",
            "keywords": [
                "database",
                "mysql",
                "pdo",
                "pgsql",
                "postgresql",
                "sql",
                "sqlite"
            ],
            "time": "2016-09-12 13:56:24"
        },
        {
            "name": "delight-im/foundation-core",
            "version": "v1.0.0",
            "source": {
                "type": "git",
                "url": "https://github.com/delight-im/PHP-Foundation-Core.git",
                "reference": "b886bc2cb766f95d5441e14db979d626fe21b994"
            },
            "dist": {
                "type": "zip",
                "url": "https://api.github.com/repos/delight-im/PHP-Foundation-Core/zipball/b886bc2cb766f95d5441e14db979d626fe21b994",
                "reference": "b886bc2cb766f95d5441e14db979d626fe21b994",
                "shasum": ""
            },
            "require": {
                "delight-im/auth": "^4.0",
                "delight-im/cookie": "^2.0",
                "delight-im/db": "^1.0",
                "delight-im/ids": "^1.0",
                "delight-im/router": "^3.0",
                "delight-im/str": "^2.4",
                "ext-mbstring": "*",
                "filp/whoops": "^2.1",
                "php": ">=5.6.0",
                "swiftmailer/swiftmailer": "^5.4",
                "twig/twig": "^1.26",
                "vlucas/phpdotenv": "^2.4"
            },
            "type": "library",
            "autoload": {
                "psr-4": {
                    "Delight\\Foundation\\": "src/"
                }
            },
            "notification-url": "https://packagist.org/downloads/",
            "license": [
                "MIT"
            ],
            "description": "Core of 'PHP-Foundation'",
            "homepage": "https://github.com/delight-im/PHP-Foundation-Core",
            "keywords": [
                "bootstrap",
                "framework"
            ],
            "time": "2016-10-10 00:14:30"
        },
        {
            "name": "delight-im/http",
            "version": "v2.0.0",
            "source": {
                "type": "git",
                "url": "https://github.com/delight-im/PHP-HTTP.git",
                "reference": "0a19a72a7eac8b1301aa972fb20cff494ac43e09"
            },
            "dist": {
                "type": "zip",
                "url": "https://api.github.com/repos/delight-im/PHP-HTTP/zipball/0a19a72a7eac8b1301aa972fb20cff494ac43e09",
                "reference": "0a19a72a7eac8b1301aa972fb20cff494ac43e09",
                "shasum": ""
            },
            "require": {
                "php": ">=5.3.0"
            },
            "type": "library",
            "autoload": {
                "psr-4": {
                    "Delight\\Http\\": "src/"
                }
            },
            "notification-url": "https://packagist.org/downloads/",
            "license": [
                "MIT"
            ],
            "description": "Hypertext Transfer Protocol (HTTP) utilities for PHP",
            "homepage": "https://github.com/delight-im/PHP-HTTP",
            "keywords": [
                "headers",
                "http",
                "https"
            ],
            "time": "2016-07-21 15:05:01"
        },
        {
            "name": "delight-im/ids",
            "version": "v1.0.1",
            "source": {
                "type": "git",
                "url": "https://github.com/delight-im/PHP-IDs.git",
                "reference": "5f95867c5f555fc829a6b7fe61f74b821f51fb4e"
            },
            "dist": {
                "type": "zip",
                "url": "https://api.github.com/repos/delight-im/PHP-IDs/zipball/5f95867c5f555fc829a6b7fe61f74b821f51fb4e",
                "reference": "5f95867c5f555fc829a6b7fe61f74b821f51fb4e",
                "shasum": ""
            },
            "require": {
                "ext-gmp": "*",
                "jenssegers/optimus": "^0.2.1",
                "php": ">=5.6.0"
            },
            "require-dev": {
                "phpseclib/phpseclib": "^2.0"
            },
            "type": "library",
            "autoload": {
                "psr-4": {
                    "Delight\\Ids\\": "src/"
                }
            },
            "notification-url": "https://packagist.org/downloads/",
            "license": [
                "MIT"
            ],
            "description": "Short, obfuscated and efficient IDs for PHP",
            "homepage": "https://github.com/delight-im/PHP-IDs",
            "keywords": [
                "decode",
                "encode",
                "hash",
                "hashid",
                "hashids",
                "id",
                "ids",
                "obfuscate",
                "obfuscation",
                "shorten"
            ],
            "time": "2016-09-10 15:18:16"
        },
        {
            "name": "delight-im/router",
            "version": "v3.0.0",
            "source": {
                "type": "git",
                "url": "https://github.com/delight-im/PHP-Router.git",
                "reference": "32dbdd189cc44deb81aa7e3caefc5c10123fe700"
            },
            "dist": {
                "type": "zip",
                "url": "https://api.github.com/repos/delight-im/PHP-Router/zipball/32dbdd189cc44deb81aa7e3caefc5c10123fe700",
                "reference": "32dbdd189cc44deb81aa7e3caefc5c10123fe700",
                "shasum": ""
            },
            "require": {
                "php": ">=5.6.0"
            },
            "type": "library",
            "autoload": {
                "psr-4": {
                    "Delight\\Router\\": "src/"
                }
            },
            "notification-url": "https://packagist.org/downloads/",
            "license": [
                "MIT"
            ],
            "description": "Router for PHP. Simple, lightweight and convenient.",
            "homepage": "https://github.com/delight-im/PHP-Router",
            "keywords": [
                "http",
                "route",
                "router",
                "routing"
            ],
            "time": "2016-09-05 18:21:14"
        },
        {
            "name": "delight-im/str",
            "version": "v2.4.0",
            "source": {
                "type": "git",
                "url": "https://github.com/delight-im/PHP-Str.git",
                "reference": "ea3e40132e9d4ce27da337dae6286f2478b15f56"
            },
            "dist": {
                "type": "zip",
                "url": "https://api.github.com/repos/delight-im/PHP-Str/zipball/ea3e40132e9d4ce27da337dae6286f2478b15f56",
                "reference": "ea3e40132e9d4ce27da337dae6286f2478b15f56",
                "shasum": ""
            },
            "require": {
                "ext-mbstring": "*",
                "php": ">=5.3.0"
            },
            "type": "library",
            "autoload": {
                "psr-4": {
                    "Delight\\Str\\": "src/"
                }
            },
            "notification-url": "https://packagist.org/downloads/",
            "license": [
                "MIT"
            ],
            "description": "Convenient object-oriented operations on strings",
            "homepage": "https://github.com/delight-im/PHP-Str",
            "keywords": [
                "string",
                "strings"
            ],
            "time": "2016-07-27 22:19:41"
        },
        {
            "name": "filp/whoops",
            "version": "2.1.3",
            "source": {
                "type": "git",
                "url": "https://github.com/filp/whoops.git",
                "reference": "8828aaa2178e0a19325522e2a45282ff0a14649b"
            },
            "dist": {
                "type": "zip",
                "url": "https://api.github.com/repos/filp/whoops/zipball/8828aaa2178e0a19325522e2a45282ff0a14649b",
                "reference": "8828aaa2178e0a19325522e2a45282ff0a14649b",
                "shasum": ""
            },
            "require": {
                "php": ">=5.5.9"
            },
            "require-dev": {
                "mockery/mockery": "0.9.*",
                "phpunit/phpunit": "^4.8 || ^5.0",
                "symfony/var-dumper": "~3.0"
            },
            "suggest": {
                "symfony/var-dumper": "Pretty print complex values better with var-dumper available",
                "whoops/soap": "Formats errors as SOAP responses"
            },
            "type": "library",
            "extra": {
                "branch-alias": {
                    "dev-master": "2.0-dev"
                }
            },
            "autoload": {
                "psr-4": {
                    "Whoops\\": "src/Whoops/"
                }
            },
            "notification-url": "https://packagist.org/downloads/",
            "license": [
                "MIT"
            ],
            "authors": [
                {
                    "name": "Filipe Dobreira",
                    "homepage": "https://github.com/filp",
                    "role": "Developer"
                }
            ],
            "description": "php error handling for cool kids",
            "homepage": "https://github.com/filp/whoops",
            "keywords": [
                "error",
                "exception",
                "handling",
                "library",
                "whoops",
                "zf2"
            ],
            "time": "2016-05-06 18:25:35"
        },
        {
            "name": "jenssegers/optimus",
            "version": "v0.2.1",
            "source": {
                "type": "git",
                "url": "https://github.com/jenssegers/optimus.git",
                "reference": "86d94fb00a685769b743d5e3be2b18282830505c"
            },
            "dist": {
                "type": "zip",
                "url": "https://api.github.com/repos/jenssegers/optimus/zipball/86d94fb00a685769b743d5e3be2b18282830505c",
                "reference": "86d94fb00a685769b743d5e3be2b18282830505c",
                "shasum": ""
            },
            "require": {
                "php": ">=5.4.0"
            },
            "require-dev": {
                "phpseclib/phpseclib": "^2.0",
                "phpunit/phpunit": "^4.0|^5.0",
                "satooshi/php-coveralls": "^1.0",
                "symfony/console": "^2.6|^2.0"
            },
            "suggest": {
                "ext-gmp": "Required for 32bit systems"
            },
            "bin": [
                "optimus"
            ],
            "type": "library",
            "autoload": {
                "psr-4": {
                    "Jenssegers\\Optimus\\": "src"
                }
            },
            "notification-url": "https://packagist.org/downloads/",
            "license": [
                "MIT"
            ],
            "authors": [
                {
                    "name": "Jens Segers",
                    "homepage": "https://jenssegers.com"
                }
            ],
            "description": "Id obfuscation based on Knuth's integer hash method",
            "homepage": "https://github.com/jenssegers/optimus",
            "keywords": [
                "hashids",
                "id obfuscation",
                "ids",
                "obfuscation",
                "optimus"
            ],
            "time": "2016-02-20 22:12:18"
        },
        {
            "name": "swiftmailer/swiftmailer",
            "version": "v5.4.3",
            "source": {
                "type": "git",
                "url": "https://github.com/swiftmailer/swiftmailer.git",
                "reference": "4cc92842069c2bbc1f28daaaf1d2576ec4dfe153"
            },
            "dist": {
                "type": "zip",
                "url": "https://api.github.com/repos/swiftmailer/swiftmailer/zipball/4cc92842069c2bbc1f28daaaf1d2576ec4dfe153",
                "reference": "4cc92842069c2bbc1f28daaaf1d2576ec4dfe153",
                "shasum": ""
            },
            "require": {
                "php": ">=5.3.3"
            },
            "require-dev": {
                "mockery/mockery": "~0.9.1"
            },
            "type": "library",
            "extra": {
                "branch-alias": {
                    "dev-master": "5.4-dev"
                }
            },
            "autoload": {
                "files": [
                    "lib/swift_required.php"
                ]
            },
            "notification-url": "https://packagist.org/downloads/",
            "license": [
                "MIT"
            ],
            "authors": [
                {
                    "name": "Chris Corbyn"
                },
                {
                    "name": "Fabien Potencier",
                    "email": "fabien@symfony.com"
                }
            ],
            "description": "Swiftmailer, free feature-rich PHP mailer",
            "homepage": "http://swiftmailer.org",
            "keywords": [
                "email",
                "mail",
                "mailer"
            ],
            "time": "2016-07-08 11:51:25"
        },
        {
            "name": "twig/twig",
            "version": "v1.26.1",
            "source": {
                "type": "git",
                "url": "https://github.com/twigphp/Twig.git",
                "reference": "a09d8ee17ac1cfea29ed60c83960ad685c6a898d"
            },
            "dist": {
                "type": "zip",
                "url": "https://api.github.com/repos/twigphp/Twig/zipball/a09d8ee17ac1cfea29ed60c83960ad685c6a898d",
                "reference": "a09d8ee17ac1cfea29ed60c83960ad685c6a898d",
                "shasum": ""
            },
            "require": {
                "php": ">=5.2.7"
            },
            "require-dev": {
                "symfony/debug": "~2.7",
                "symfony/phpunit-bridge": "~2.7"
            },
            "type": "library",
            "extra": {
                "branch-alias": {
                    "dev-master": "1.26-dev"
                }
            },
            "autoload": {
                "psr-0": {
                    "Twig_": "lib/"
                }
            },
            "notification-url": "https://packagist.org/downloads/",
            "license": [
                "BSD-3-Clause"
            ],
            "authors": [
                {
                    "name": "Fabien Potencier",
                    "email": "fabien@symfony.com",
                    "homepage": "http://fabien.potencier.org",
                    "role": "Lead Developer"
                },
                {
                    "name": "Armin Ronacher",
                    "email": "armin.ronacher@active-4.com",
                    "role": "Project Founder"
                },
                {
                    "name": "Twig Team",
                    "homepage": "http://twig.sensiolabs.org/contributors",
                    "role": "Contributors"
                }
            ],
            "description": "Twig, the flexible, fast, and secure template language for PHP",
            "homepage": "http://twig.sensiolabs.org",
            "keywords": [
                "templating"
            ],
            "time": "2016-10-05 18:57:41"
        },
        {
            "name": "vlucas/phpdotenv",
            "version": "v2.4.0",
            "source": {
                "type": "git",
                "url": "https://github.com/vlucas/phpdotenv.git",
                "reference": "3cc116adbe4b11be5ec557bf1d24dc5e3a21d18c"
            },
            "dist": {
                "type": "zip",
                "url": "https://api.github.com/repos/vlucas/phpdotenv/zipball/3cc116adbe4b11be5ec557bf1d24dc5e3a21d18c",
                "reference": "3cc116adbe4b11be5ec557bf1d24dc5e3a21d18c",
                "shasum": ""
            },
            "require": {
                "php": ">=5.3.9"
            },
            "require-dev": {
                "phpunit/phpunit": "^4.8 || ^5.0"
            },
            "type": "library",
            "extra": {
                "branch-alias": {
                    "dev-master": "2.4-dev"
                }
            },
            "autoload": {
                "psr-4": {
                    "Dotenv\\": "src/"
                }
            },
            "notification-url": "https://packagist.org/downloads/",
            "license": [
                "BSD-3-Clause-Attribution"
            ],
            "authors": [
                {
                    "name": "Vance Lucas",
                    "email": "vance@vancelucas.com",
                    "homepage": "http://www.vancelucas.com"
                }
            ],
            "description": "Loads environment variables from `.env` to `getenv()`, `$_ENV` and `$_SERVER` automagically.",
            "keywords": [
                "dotenv",
                "env",
                "environment"
            ],
            "time": "2016-09-01 10:05:43"
        }
    ],
    "packages-dev": [],
    "aliases": [],
    "minimum-stability": "stable",
    "stability-flags": [],
    "prefer-stable": false,
    "prefer-lowest": false,
    "platform": {
        "php": ">=5.6.0"
    },
    "platform-dev": []
}
